// !$*UTF8*$!
{
	archiveVersion = 1;
	classes = {
	};
	objectVersion = 46;
	objects = {

/* Begin PBXBuildFile section */
		6305584E19D9CC0400312F35 /* myLoginViewController.m in Sources */ = {isa = PBXBuildFile; fileRef = 6305584D19D9CC0400312F35 /* myLoginViewController.m */; };
		637552DE19D8208400F479D1 /* MatchViewController.m in Sources */ = {isa = PBXBuildFile; fileRef = 637552DD19D8208400F479D1 /* MatchViewController.m */; };
		637552E219D8227700F479D1 /* MatchesViewController.m in Sources */ = {isa = PBXBuildFile; fileRef = 637552E119D8227700F479D1 /* MatchesViewController.m */; };
		6377755819D7229D00723E40 /* TestUser.m in Sources */ = {isa = PBXBuildFile; fileRef = 6377755719D7229D00723E40 /* TestUser.m */; };
		6377755B19D7231800723E40 /* pick.jpg in Resources */ = {isa = PBXBuildFile; fileRef = 6377755A19D7231800723E40 /* pick.jpg */; };
		63988DDF19CDDCE8001006EB /* Constants.m in Sources */ = {isa = PBXBuildFile; fileRef = 63988DDE19CDDCE8001006EB /* Constants.m */; };
		639EE44719CD883700B8D06A /* LoginViewController.m in Sources */ = {isa = PBXBuildFile; fileRef = 639EE44619CD883700B8D06A /* LoginViewController.m */; };
		63A5E8B619D8801C00AF6FB8 /* placeholder.png in Resources */ = {isa = PBXBuildFile; fileRef = 63A5E8B519D8801C00AF6FB8 /* placeholder.png */; };
		63BC226019D8259100A3A0E0 /* ChatViewController.m in Sources */ = {isa = PBXBuildFile; fileRef = 63BC225F19D8259100A3A0E0 /* ChatViewController.m */; };
		63C5B97719CEE9C8001CCBC1 /* HomeViewController.m in Sources */ = {isa = PBXBuildFile; fileRef = 63C5B97619CEE9C8001CCBC1 /* HomeViewController.m */; };
		63C5B97B19CEEEB3001CCBC1 /* SettingsViewController.m in Sources */ = {isa = PBXBuildFile; fileRef = 63C5B97A19CEEEB3001CCBC1 /* SettingsViewController.m */; };
		63C5B97F19CEF003001CCBC1 /* EditProfileViewController.m in Sources */ = {isa = PBXBuildFile; fileRef = 63C5B97E19CEF003001CCBC1 /* EditProfileViewController.m */; };
		63C5B98319CEF2AB001CCBC1 /* ProfileViewController.m in Sources */ = {isa = PBXBuildFile; fileRef = 63C5B98219CEF2AB001CCBC1 /* ProfileViewController.m */; };
		63E1E84C19CD8375000E433A /* Foundation.framework in Frameworks */ = {isa = PBXBuildFile; fileRef = 63E1E84B19CD8375000E433A /* Foundation.framework */; };
		63E1E84E19CD8375000E433A /* CoreGraphics.framework in Frameworks */ = {isa = PBXBuildFile; fileRef = 63E1E84D19CD8375000E433A /* CoreGraphics.framework */; };
		63E1E85019CD8375000E433A /* UIKit.framework in Frameworks */ = {isa = PBXBuildFile; fileRef = 63E1E84F19CD8375000E433A /* UIKit.framework */; };
		63E1E85619CD8375000E433A /* InfoPlist.strings in Resources */ = {isa = PBXBuildFile; fileRef = 63E1E85419CD8375000E433A /* InfoPlist.strings */; };
		63E1E85819CD8375000E433A /* main.m in Sources */ = {isa = PBXBuildFile; fileRef = 63E1E85719CD8375000E433A /* main.m */; };
		63E1E85C19CD8375000E433A /* AppDelegate.m in Sources */ = {isa = PBXBuildFile; fileRef = 63E1E85B19CD8375000E433A /* AppDelegate.m */; };
		63E1E85F19CD8375000E433A /* Main.storyboard in Resources */ = {isa = PBXBuildFile; fileRef = 63E1E85D19CD8375000E433A /* Main.storyboard */; };
		63E1E86719CD8375000E433A /* Images.xcassets in Resources */ = {isa = PBXBuildFile; fileRef = 63E1E86619CD8375000E433A /* Images.xcassets */; };
		63E1E86E19CD8375000E433A /* XCTest.framework in Frameworks */ = {isa = PBXBuildFile; fileRef = 63E1E86D19CD8375000E433A /* XCTest.framework */; };
		63E1E86F19CD8375000E433A /* Foundation.framework in Frameworks */ = {isa = PBXBuildFile; fileRef = 63E1E84B19CD8375000E433A /* Foundation.framework */; };
		63E1E87019CD8375000E433A /* UIKit.framework in Frameworks */ = {isa = PBXBuildFile; fileRef = 63E1E84F19CD8375000E433A /* UIKit.framework */; };
		63E1E87819CD8375000E433A /* InfoPlist.strings in Resources */ = {isa = PBXBuildFile; fileRef = 63E1E87619CD8375000E433A /* InfoPlist.strings */; };
		63E1E87A19CD8375000E433A /* MutchedUpTests.m in Sources */ = {isa = PBXBuildFile; fileRef = 63E1E87919CD8375000E433A /* MutchedUpTests.m */; };
		A6DE33B67394413383BF84CD /* libPods.a in Frameworks */ = {isa = PBXBuildFile; fileRef = DFA8473EC76341D58DDF4FE9 /* libPods.a */; };
/* End PBXBuildFile section */

/* Begin PBXContainerItemProxy section */
		63E1E87119CD8375000E433A /* PBXContainerItemProxy */ = {
			isa = PBXContainerItemProxy;
			containerPortal = 63E1E84019CD8375000E433A /* Project object */;
			proxyType = 1;
			remoteGlobalIDString = 63E1E84719CD8375000E433A;
			remoteInfo = MutchedUp;
		};
/* End PBXContainerItemProxy section */

/* Begin PBXFileReference section */
		6305584C19D9CC0400312F35 /* myLoginViewController.h */ = {isa = PBXFileReference; fileEncoding = 4; lastKnownFileType = sourcecode.c.h; path = myLoginViewController.h; sourceTree = "<group>"; };
		6305584D19D9CC0400312F35 /* myLoginViewController.m */ = {isa = PBXFileReference; fileEncoding = 4; lastKnownFileType = sourcecode.c.objc; path = myLoginViewController.m; sourceTree = "<group>"; };
		637552DC19D8208400F479D1 /* MatchViewController.h */ = {isa = PBXFileReference; fileEncoding = 4; lastKnownFileType = sourcecode.c.h; path = MatchViewController.h; sourceTree = "<group>"; };
		637552DD19D8208400F479D1 /* MatchViewController.m */ = {isa = PBXFileReference; fileEncoding = 4; lastKnownFileType = sourcecode.c.objc; path = MatchViewController.m; sourceTree = "<group>"; };
		637552E019D8227700F479D1 /* MatchesViewController.h */ = {isa = PBXFileReference; fileEncoding = 4; lastKnownFileType = sourcecode.c.h; path = MatchesViewController.h; sourceTree = "<group>"; };
		637552E119D8227700F479D1 /* MatchesViewController.m */ = {isa = PBXFileReference; fileEncoding = 4; lastKnownFileType = sourcecode.c.objc; path = MatchesViewController.m; sourceTree = "<group>"; };
		6377755619D7229D00723E40 /* TestUser.h */ = {isa = PBXFileReference; fileEncoding = 4; lastKnownFileType = sourcecode.c.h; path = TestUser.h; sourceTree = "<group>"; };
		6377755719D7229D00723E40 /* TestUser.m */ = {isa = PBXFileReference; fileEncoding = 4; lastKnownFileType = sourcecode.c.objc; path = TestUser.m; sourceTree = "<group>"; };
		6377755A19D7231800723E40 /* pick.jpg */ = {isa = PBXFileReference; lastKnownFileType = image.jpeg; path = pick.jpg; sourceTree = "<group>"; };
		63988DDD19CDDCE8001006EB /* Constants.h */ = {isa = PBXFileReference; fileEncoding = 4; lastKnownFileType = sourcecode.c.h; path = Constants.h; sourceTree = "<group>"; };
		63988DDE19CDDCE8001006EB /* Constants.m */ = {isa = PBXFileReference; fileEncoding = 4; lastKnownFileType = sourcecode.c.objc; path = Constants.m; sourceTree = "<group>"; };
		639EE44519CD883700B8D06A /* LoginViewController.h */ = {isa = PBXFileReference; fileEncoding = 4; lastKnownFileType = sourcecode.c.h; path = LoginViewController.h; sourceTree = "<group>"; };
		639EE44619CD883700B8D06A /* LoginViewController.m */ = {isa = PBXFileReference; fileEncoding = 4; lastKnownFileType = sourcecode.c.objc; path = LoginViewController.m; sourceTree = "<group>"; };
		63A5E8B519D8801C00AF6FB8 /* placeholder.png */ = {isa = PBXFileReference; lastKnownFileType = image.png; path = placeholder.png; sourceTree = "<group>"; };
		63BC225E19D8259100A3A0E0 /* ChatViewController.h */ = {isa = PBXFileReference; fileEncoding = 4; lastKnownFileType = sourcecode.c.h; path = ChatViewController.h; sourceTree = "<group>"; };
		63BC225F19D8259100A3A0E0 /* ChatViewController.m */ = {isa = PBXFileReference; fileEncoding = 4; lastKnownFileType = sourcecode.c.objc; path = ChatViewController.m; sourceTree = "<group>"; };
		63C5B97519CEE9C8001CCBC1 /* HomeViewController.h */ = {isa = PBXFileReference; fileEncoding = 4; lastKnownFileType = sourcecode.c.h; path = HomeViewController.h; sourceTree = "<group>"; };
		63C5B97619CEE9C8001CCBC1 /* HomeViewController.m */ = {isa = PBXFileReference; fileEncoding = 4; lastKnownFileType = sourcecode.c.objc; path = HomeViewController.m; sourceTree = "<group>"; };
		63C5B97919CEEEB3001CCBC1 /* SettingsViewController.h */ = {isa = PBXFileReference; fileEncoding = 4; lastKnownFileType = sourcecode.c.h; path = SettingsViewController.h; sourceTree = "<group>"; };
		63C5B97A19CEEEB3001CCBC1 /* SettingsViewController.m */ = {isa = PBXFileReference; fileEncoding = 4; lastKnownFileType = sourcecode.c.objc; path = SettingsViewController.m; sourceTree = "<group>"; };
		63C5B97D19CEF003001CCBC1 /* EditProfileViewController.h */ = {isa = PBXFileReference; fileEncoding = 4; lastKnownFileType = sourcecode.c.h; path = EditProfileViewController.h; sourceTree = "<group>"; };
		63C5B97E19CEF003001CCBC1 /* EditProfileViewController.m */ = {isa = PBXFileReference; fileEncoding = 4; lastKnownFileType = sourcecode.c.objc; path = EditProfileViewController.m; sourceTree = "<group>"; };
		63C5B98119CEF2AB001CCBC1 /* ProfileViewController.h */ = {isa = PBXFileReference; fileEncoding = 4; lastKnownFileType = sourcecode.c.h; path = ProfileViewController.h; sourceTree = "<group>"; };
		63C5B98219CEF2AB001CCBC1 /* ProfileViewController.m */ = {isa = PBXFileReference; fileEncoding = 4; lastKnownFileType = sourcecode.c.objc; path = ProfileViewController.m; sourceTree = "<group>"; };
		63E1E84819CD8375000E433A /* MutchedUp.app */ = {isa = PBXFileReference; explicitFileType = wrapper.application; includeInIndex = 0; path = MutchedUp.app; sourceTree = BUILT_PRODUCTS_DIR; };
		63E1E84B19CD8375000E433A /* Foundation.framework */ = {isa = PBXFileReference; lastKnownFileType = wrapper.framework; name = Foundation.framework; path = System/Library/Frameworks/Foundation.framework; sourceTree = SDKROOT; };
		63E1E84D19CD8375000E433A /* CoreGraphics.framework */ = {isa = PBXFileReference; lastKnownFileType = wrapper.framework; name = CoreGraphics.framework; path = System/Library/Frameworks/CoreGraphics.framework; sourceTree = SDKROOT; };
		63E1E84F19CD8375000E433A /* UIKit.framework */ = {isa = PBXFileReference; lastKnownFileType = wrapper.framework; name = UIKit.framework; path = System/Library/Frameworks/UIKit.framework; sourceTree = SDKROOT; };
		63E1E85319CD8375000E433A /* MutchedUp-Info.plist */ = {isa = PBXFileReference; lastKnownFileType = text.plist.xml; path = "MutchedUp-Info.plist"; sourceTree = "<group>"; };
		63E1E85519CD8375000E433A /* en */ = {isa = PBXFileReference; lastKnownFileType = text.plist.strings; name = en; path = en.lproj/InfoPlist.strings; sourceTree = "<group>"; };
		63E1E85719CD8375000E433A /* main.m */ = {isa = PBXFileReference; lastKnownFileType = sourcecode.c.objc; path = main.m; sourceTree = "<group>"; };
		63E1E85919CD8375000E433A /* MutchedUp-Prefix.pch */ = {isa = PBXFileReference; lastKnownFileType = sourcecode.c.h; path = "MutchedUp-Prefix.pch"; sourceTree = "<group>"; };
		63E1E85A19CD8375000E433A /* AppDelegate.h */ = {isa = PBXFileReference; lastKnownFileType = sourcecode.c.h; path = AppDelegate.h; sourceTree = "<group>"; };
		63E1E85B19CD8375000E433A /* AppDelegate.m */ = {isa = PBXFileReference; lastKnownFileType = sourcecode.c.objc; path = AppDelegate.m; sourceTree = "<group>"; };
		63E1E85E19CD8375000E433A /* Base */ = {isa = PBXFileReference; lastKnownFileType = file.storyboard; name = Base; path = Base.lproj/Main.storyboard; sourceTree = "<group>"; };
		63E1E86619CD8375000E433A /* Images.xcassets */ = {isa = PBXFileReference; lastKnownFileType = folder.assetcatalog; path = Images.xcassets; sourceTree = "<group>"; };
		63E1E86C19CD8375000E433A /* MutchedUpTests.xctest */ = {isa = PBXFileReference; explicitFileType = wrapper.cfbundle; includeInIndex = 0; path = MutchedUpTests.xctest; sourceTree = BUILT_PRODUCTS_DIR; };
		63E1E86D19CD8375000E433A /* XCTest.framework */ = {isa = PBXFileReference; lastKnownFileType = wrapper.framework; name = XCTest.framework; path = Library/Frameworks/XCTest.framework; sourceTree = DEVELOPER_DIR; };
		63E1E87519CD8375000E433A /* MutchedUpTests-Info.plist */ = {isa = PBXFileReference; lastKnownFileType = text.plist.xml; path = "MutchedUpTests-Info.plist"; sourceTree = "<group>"; };
		63E1E87719CD8375000E433A /* en */ = {isa = PBXFileReference; lastKnownFileType = text.plist.strings; name = en; path = en.lproj/InfoPlist.strings; sourceTree = "<group>"; };
		63E1E87919CD8375000E433A /* MutchedUpTests.m */ = {isa = PBXFileReference; lastKnownFileType = sourcecode.c.objc; path = MutchedUpTests.m; sourceTree = "<group>"; };
		6F4199AE6960424C8B839E94 /* Pods.xcconfig */ = {isa = PBXFileReference; includeInIndex = 1; lastKnownFileType = text.xcconfig; name = Pods.xcconfig; path = Pods/Pods.xcconfig; sourceTree = "<group>"; };
		DFA8473EC76341D58DDF4FE9 /* libPods.a */ = {isa = PBXFileReference; explicitFileType = archive.ar; includeInIndex = 0; path = libPods.a; sourceTree = BUILT_PRODUCTS_DIR; };
/* End PBXFileReference section */

/* Begin PBXFrameworksBuildPhase section */
		63E1E84519CD8375000E433A /* Frameworks */ = {
			isa = PBXFrameworksBuildPhase;
			buildActionMask = 2147483647;
			files = (
				63E1E84E19CD8375000E433A /* CoreGraphics.framework in Frameworks */,
				63E1E85019CD8375000E433A /* UIKit.framework in Frameworks */,
				63E1E84C19CD8375000E433A /* Foundation.framework in Frameworks */,
				A6DE33B67394413383BF84CD /* libPods.a in Frameworks */,
			);
			runOnlyForDeploymentPostprocessing = 0;
		};
		63E1E86919CD8375000E433A /* Frameworks */ = {
			isa = PBXFrameworksBuildPhase;
			buildActionMask = 2147483647;
			files = (
				63E1E86E19CD8375000E433A /* XCTest.framework in Frameworks */,
				63E1E87019CD8375000E433A /* UIKit.framework in Frameworks */,
				63E1E86F19CD8375000E433A /* Foundation.framework in Frameworks */,
			);
			runOnlyForDeploymentPostprocessing = 0;
		};
/* End PBXFrameworksBuildPhase section */

/* Begin PBXGroup section */
		6305584B19D9CBEC00312F35 /* myLogin */ = {
			isa = PBXGroup;
			children = (
				6305584C19D9CC0400312F35 /* myLoginViewController.h */,
				6305584D19D9CC0400312F35 /* myLoginViewController.m */,
			);
			name = myLogin;
			sourceTree = "<group>";
		};
		637552DB19D8206800F479D1 /* Match */ = {
			isa = PBXGroup;
			children = (
				637552DC19D8208400F479D1 /* MatchViewController.h */,
				637552DD19D8208400F479D1 /* MatchViewController.m */,
			);
			name = Match;
			sourceTree = "<group>";
		};
		637552DF19D8226500F479D1 /* Matches */ = {
			isa = PBXGroup;
			children = (
				637552E019D8227700F479D1 /* MatchesViewController.h */,
				637552E119D8227700F479D1 /* MatchesViewController.m */,
			);
			name = Matches;
			sourceTree = "<group>";
		};
		637552E319D8237500F479D1 /* Chats */ = {
			isa = PBXGroup;
			children = (
				63BC225E19D8259100A3A0E0 /* ChatViewController.h */,
				63BC225F19D8259100A3A0E0 /* ChatViewController.m */,
			);
			name = Chats;
			sourceTree = "<group>";
		};
		6377755919D722A500723E40 /* CreateParseUser */ = {
			isa = PBXGroup;
			children = (
				6377755619D7229D00723E40 /* TestUser.h */,
				6377755719D7229D00723E40 /* TestUser.m */,
			);
			name = CreateParseUser;
			sourceTree = "<group>";
		};
		639EE44819CD8D8000B8D06A /* Login */ = {
			isa = PBXGroup;
			children = (
				639EE44519CD883700B8D06A /* LoginViewController.h */,
				639EE44619CD883700B8D06A /* LoginViewController.m */,
			);
			name = Login;
			sourceTree = "<group>";
		};
		63C5B97419CEE99E001CCBC1 /* Home */ = {
			isa = PBXGroup;
			children = (
				63C5B97519CEE9C8001CCBC1 /* HomeViewController.h */,
				63C5B97619CEE9C8001CCBC1 /* HomeViewController.m */,
			);
			name = Home;
			sourceTree = "<group>";
		};
		63C5B97819CEEEA4001CCBC1 /* Settings */ = {
			isa = PBXGroup;
			children = (
				63C5B97919CEEEB3001CCBC1 /* SettingsViewController.h */,
				63C5B97A19CEEEB3001CCBC1 /* SettingsViewController.m */,
			);
			name = Settings;
			sourceTree = "<group>";
		};
		63C5B97C19CEEFF4001CCBC1 /* EditProfile */ = {
			isa = PBXGroup;
			children = (
				63C5B97D19CEF003001CCBC1 /* EditProfileViewController.h */,
				63C5B97E19CEF003001CCBC1 /* EditProfileViewController.m */,
			);
			name = EditProfile;
			sourceTree = "<group>";
		};
		63C5B98019CEF29B001CCBC1 /* Profile */ = {
			isa = PBXGroup;
			children = (
				63C5B98119CEF2AB001CCBC1 /* ProfileViewController.h */,
				63C5B98219CEF2AB001CCBC1 /* ProfileViewController.m */,
			);
			name = Profile;
			sourceTree = "<group>";
		};
		63E1E83F19CD8375000E433A = {
			isa = PBXGroup;
			children = (
				63E1E85119CD8375000E433A /* MutchedUp */,
				63E1E87319CD8375000E433A /* MutchedUpTests */,
				63E1E84A19CD8375000E433A /* Frameworks */,
				63E1E84919CD8375000E433A /* Products */,
				6F4199AE6960424C8B839E94 /* Pods.xcconfig */,
			);
			sourceTree = "<group>";
		};
		63E1E84919CD8375000E433A /* Products */ = {
			isa = PBXGroup;
			children = (
				63E1E84819CD8375000E433A /* MutchedUp.app */,
				63E1E86C19CD8375000E433A /* MutchedUpTests.xctest */,
			);
			name = Products;
			sourceTree = "<group>";
		};
		63E1E84A19CD8375000E433A /* Frameworks */ = {
			isa = PBXGroup;
			children = (
				63E1E84B19CD8375000E433A /* Foundation.framework */,
				63E1E84D19CD8375000E433A /* CoreGraphics.framework */,
				63E1E84F19CD8375000E433A /* UIKit.framework */,
				63E1E86D19CD8375000E433A /* XCTest.framework */,
				DFA8473EC76341D58DDF4FE9 /* libPods.a */,
			);
			name = Frameworks;
			sourceTree = "<group>";
		};
		63E1E85119CD8375000E433A /* MutchedUp */ = {
			isa = PBXGroup;
			children = (
				63E1E85A19CD8375000E433A /* AppDelegate.h */,
				63E1E85B19CD8375000E433A /* AppDelegate.m */,
				63E1E85D19CD8375000E433A /* Main.storyboard */,
				6305584B19D9CBEC00312F35 /* myLogin */,
				637552E319D8237500F479D1 /* Chats */,
				637552DF19D8226500F479D1 /* Matches */,
				637552DB19D8206800F479D1 /* Match */,
				6377755919D722A500723E40 /* CreateParseUser */,
				63C5B98019CEF29B001CCBC1 /* Profile */,
				63C5B97C19CEEFF4001CCBC1 /* EditProfile */,
				63C5B97819CEEEA4001CCBC1 /* Settings */,
				63C5B97419CEE99E001CCBC1 /* Home */,
				639EE44819CD8D8000B8D06A /* Login */,
				63E1E86619CD8375000E433A /* Images.xcassets */,
				63E1E85219CD8375000E433A /* Supporting Files */,
			);
			path = MutchedUp;
			sourceTree = "<group>";
		};
		63E1E85219CD8375000E433A /* Supporting Files */ = {
			isa = PBXGroup;
			children = (
				6377755A19D7231800723E40 /* pick.jpg */,
				63A5E8B519D8801C00AF6FB8 /* placeholder.png */,
				63988DDD19CDDCE8001006EB /* Constants.h */,
				63988DDE19CDDCE8001006EB /* Constants.m */,
				63E1E85319CD8375000E433A /* MutchedUp-Info.plist */,
				63E1E85419CD8375000E433A /* InfoPlist.strings */,
				63E1E85719CD8375000E433A /* main.m */,
				63E1E85919CD8375000E433A /* MutchedUp-Prefix.pch */,
			);
			name = "Supporting Files";
			sourceTree = "<group>";
		};
		63E1E87319CD8375000E433A /* MutchedUpTests */ = {
			isa = PBXGroup;
			children = (
				63E1E87919CD8375000E433A /* MutchedUpTests.m */,
				63E1E87419CD8375000E433A /* Supporting Files */,
			);
			path = MutchedUpTests;
			sourceTree = "<group>";
		};
		63E1E87419CD8375000E433A /* Supporting Files */ = {
			isa = PBXGroup;
			children = (
				63E1E87519CD8375000E433A /* MutchedUpTests-Info.plist */,
				63E1E87619CD8375000E433A /* InfoPlist.strings */,
			);
			name = "Supporting Files";
			sourceTree = "<group>";
		};
/* End PBXGroup section */

/* Begin PBXNativeTarget section */
		63E1E84719CD8375000E433A /* MutchedUp */ = {
			isa = PBXNativeTarget;
			buildConfigurationList = 63E1E87D19CD8375000E433A /* Build configuration list for PBXNativeTarget "MutchedUp" */;
			buildPhases = (
				ED7057F9C8DC4B2B8F793389 /* Check Pods Manifest.lock */,
				63E1E84419CD8375000E433A /* Sources */,
				63E1E84519CD8375000E433A /* Frameworks */,
				63E1E84619CD8375000E433A /* Resources */,
				48B8C71ABB0C4D4F827B547B /* Copy Pods Resources */,
			);
			buildRules = (
			);
			dependencies = (
			);
			name = MutchedUp;
			productName = MutchedUp;
			productReference = 63E1E84819CD8375000E433A /* MutchedUp.app */;
			productType = "com.apple.product-type.application";
		};
		63E1E86B19CD8375000E433A /* MutchedUpTests */ = {
			isa = PBXNativeTarget;
			buildConfigurationList = 63E1E88019CD8375000E433A /* Build configuration list for PBXNativeTarget "MutchedUpTests" */;
			buildPhases = (
				63E1E86819CD8375000E433A /* Sources */,
				63E1E86919CD8375000E433A /* Frameworks */,
				63E1E86A19CD8375000E433A /* Resources */,
			);
			buildRules = (
			);
			dependencies = (
				63E1E87219CD8375000E433A /* PBXTargetDependency */,
			);
			name = MutchedUpTests;
			productName = MutchedUpTests;
			productReference = 63E1E86C19CD8375000E433A /* MutchedUpTests.xctest */;
			productType = "com.apple.product-type.bundle.unit-test";
		};
/* End PBXNativeTarget section */

/* Begin PBXProject section */
		63E1E84019CD8375000E433A /* Project object */ = {
			isa = PBXProject;
			attributes = {
				LastUpgradeCheck = 0510;
				ORGANIZATIONNAME = "David Kababyan";
				TargetAttributes = {
					63E1E86B19CD8375000E433A = {
						TestTargetID = 63E1E84719CD8375000E433A;
					};
				};
			};
			buildConfigurationList = 63E1E84319CD8375000E433A /* Build configuration list for PBXProject "MutchedUp" */;
			compatibilityVersion = "Xcode 3.2";
			developmentRegion = English;
			hasScannedForEncodings = 0;
			knownRegions = (
				en,
				Base,
			);
			mainGroup = 63E1E83F19CD8375000E433A;
			productRefGroup = 63E1E84919CD8375000E433A /* Products */;
			projectDirPath = "";
			projectRoot = "";
			targets = (
				63E1E84719CD8375000E433A /* MutchedUp */,
				63E1E86B19CD8375000E433A /* MutchedUpTests */,
			);
		};
/* End PBXProject section */

/* Begin PBXResourcesBuildPhase section */
		63E1E84619CD8375000E433A /* Resources */ = {
			isa = PBXResourcesBuildPhase;
			buildActionMask = 2147483647;
			files = (
				63A5E8B619D8801C00AF6FB8 /* placeholder.png in Resources */,
				63E1E86719CD8375000E433A /* Images.xcassets in Resources */,
				63E1E85619CD8375000E433A /* InfoPlist.strings in Resources */,
				6377755B19D7231800723E40 /* pick.jpg in Resources */,
				63E1E85F19CD8375000E433A /* Main.storyboard in Resources */,
			);
			runOnlyForDeploymentPostprocessing = 0;
		};
		63E1E86A19CD8375000E433A /* Resources */ = {
			isa = PBXResourcesBuildPhase;
			buildActionMask = 2147483647;
			files = (
				63E1E87819CD8375000E433A /* InfoPlist.strings in Resources */,
			);
			runOnlyForDeploymentPostprocessing = 0;
		};
/* End PBXResourcesBuildPhase section */

/* Begin PBXShellScriptBuildPhase section */
		48B8C71ABB0C4D4F827B547B /* Copy Pods Resources */ = {
			isa = PBXShellScriptBuildPhase;
			buildActionMask = 2147483647;
			files = (
			);
			inputPaths = (
			);
			name = "Copy Pods Resources";
			outputPaths = (
			);
			runOnlyForDeploymentPostprocessing = 0;
			shellPath = /bin/sh;
			shellScript = "\"${SRCROOT}/Pods/Pods-resources.sh\"\n";
			showEnvVarsInLog = 0;
		};
		ED7057F9C8DC4B2B8F793389 /* Check Pods Manifest.lock */ = {
			isa = PBXShellScriptBuildPhase;
			buildActionMask = 2147483647;
			files = (
			);
			inputPaths = (
			);
			name = "Check Pods Manifest.lock";
			outputPaths = (
			);
			runOnlyForDeploymentPostprocessing = 0;
			shellPath = /bin/sh;
			shellScript = "diff \"${PODS_ROOT}/../Podfile.lock\" \"${PODS_ROOT}/Manifest.lock\" > /dev/null\nif [[ $? != 0 ]] ; then\n    cat << EOM\nerror: The sandbox is not in sync with the Podfile.lock. Run 'pod install' or update your CocoaPods installation.\nEOM\n    exit 1\nfi\n";
			showEnvVarsInLog = 0;
		};
/* End PBXShellScriptBuildPhase section */

/* Begin PBXSourcesBuildPhase section */
		63E1E84419CD8375000E433A /* Sources */ = {
			isa = PBXSourcesBuildPhase;
			buildActionMask = 2147483647;
			files = (
				63E1E85C19CD8375000E433A /* AppDelegate.m in Sources */,
				637552E219D8227700F479D1 /* MatchesViewController.m in Sources */,
				6305584E19D9CC0400312F35 /* myLoginViewController.m in Sources */,
				63BC226019D8259100A3A0E0 /* ChatViewController.m in Sources */,
				63E1E85819CD8375000E433A /* main.m in Sources */,
				63C5B98319CEF2AB001CCBC1 /* ProfileViewController.m in Sources */,
				63C5B97F19CEF003001CCBC1 /* EditProfileViewController.m in Sources */,
				6377755819D7229D00723E40 /* TestUser.m in Sources */,
				639EE44719CD883700B8D06A /* LoginViewController.m in Sources */,
				63C5B97B19CEEEB3001CCBC1 /* SettingsViewController.m in Sources */,
				63C5B97719CEE9C8001CCBC1 /* HomeViewController.m in Sources */,
				637552DE19D8208400F479D1 /* MatchViewController.m in Sources */,
				63988DDF19CDDCE8001006EB /* Constants.m in Sources */,
			);
			runOnlyForDeploymentPostprocessing = 0;
		};
		63E1E86819CD8375000E433A /* Sources */ = {
			isa = PBXSourcesBuildPhase;
			buildActionMask = 2147483647;
			files = (
				63E1E87A19CD8375000E433A /* MutchedUpTests.m in Sources */,
			);
			runOnlyForDeploymentPostprocessing = 0;
		};
/* End PBXSourcesBuildPhase section */

/* Begin PBXTargetDependency section */
		63E1E87219CD8375000E433A /* PBXTargetDependency */ = {
			isa = PBXTargetDependency;
			target = 63E1E84719CD8375000E433A /* MutchedUp */;
			targetProxy = 63E1E87119CD8375000E433A /* PBXContainerItemProxy */;
		};
/* End PBXTargetDependency section */

/* Begin PBXVariantGroup section */
		63E1E85419CD8375000E433A /* InfoPlist.strings */ = {
			isa = PBXVariantGroup;
			children = (
				63E1E85519CD8375000E433A /* en */,
			);
			name = InfoPlist.strings;
			sourceTree = "<group>";
		};
		63E1E85D19CD8375000E433A /* Main.storyboard */ = {
			isa = PBXVariantGroup;
			children = (
				63E1E85E19CD8375000E433A /* Base */,
			);
			name = Main.storyboard;
			sourceTree = "<group>";
		};
		63E1E87619CD8375000E433A /* InfoPlist.strings */ = {
			isa = PBXVariantGroup;
			children = (
				63E1E87719CD8375000E433A /* en */,
			);
			name = InfoPlist.strings;
			sourceTree = "<group>";
		};
/* End PBXVariantGroup section */

/* Begin XCBuildConfiguration section */
		63E1E87B19CD8375000E433A /* Debug */ = {
			isa = XCBuildConfiguration;
			buildSettings = {
				ALWAYS_SEARCH_USER_PATHS = NO;
				CLANG_CXX_LANGUAGE_STANDARD = "gnu++0x";
				CLANG_CXX_LIBRARY = "libc++";
				CLANG_ENABLE_MODULES = YES;
				CLANG_ENABLE_OBJC_ARC = YES;
				CLANG_WARN_BOOL_CONVERSION = YES;
				CLANG_WARN_CONSTANT_CONVERSION = YES;
				CLANG_WARN_DIRECT_OBJC_ISA_USAGE = YES_ERROR;
				CLANG_WARN_EMPTY_BODY = YES;
				CLANG_WARN_ENUM_CONVERSION = YES;
				CLANG_WARN_INT_CONVERSION = YES;
				CLANG_WARN_OBJC_ROOT_CLASS = YES_ERROR;
				CLANG_WARN__DUPLICATE_METHOD_MATCH = YES;
				"CODE_SIGN_IDENTITY[sdk=iphoneos*]" = "iPhone Developer";
				COPY_PHASE_STRIP = NO;
				GCC_C_LANGUAGE_STANDARD = gnu99;
				GCC_DYNAMIC_NO_PIC = NO;
				GCC_OPTIMIZATION_LEVEL = 0;
				GCC_PREPROCESSOR_DEFINITIONS = (
					"DEBUG=1",
					"$(inherited)",
				);
				GCC_SYMBOLS_PRIVATE_EXTERN = NO;
				GCC_WARN_64_TO_32_BIT_CONVERSION = YES;
				GCC_WARN_ABOUT_RETURN_TYPE = YES_ERROR;
				GCC_WARN_UNDECLARED_SELECTOR = YES;
				GCC_WARN_UNINITIALIZED_AUTOS = YES_AGGRESSIVE;
				GCC_WARN_UNUSED_FUNCTION = YES;
				GCC_WARN_UNUSED_VARIABLE = YES;
				IPHONEOS_DEPLOYMENT_TARGET = 7.1;
				ONLY_ACTIVE_ARCH = YES;
				SDKROOT = iphoneos;
			};
			name = Debug;
		};
		63E1E87C19CD8375000E433A /* Release */ = {
			isa = XCBuildConfiguration;
			buildSettings = {
				ALWAYS_SEARCH_USER_PATHS = NO;
				CLANG_CXX_LANGUAGE_STANDARD = "gnu++0x";
				CLANG_CXX_LIBRARY = "libc++";
				CLANG_ENABLE_MODULES = YES;
				CLANG_ENABLE_OBJC_ARC = YES;
				CLANG_WARN_BOOL_CONVERSION = YES;
				CLANG_WARN_CONSTANT_CONVERSION = YES;
				CLANG_WARN_DIRECT_OBJC_ISA_USAGE = YES_ERROR;
				CLANG_WARN_EMPTY_BODY = YES;
				CLANG_WARN_ENUM_CONVERSION = YES;
				CLANG_WARN_INT_CONVERSION = YES;
				CLANG_WARN_OBJC_ROOT_CLASS = YES_ERROR;
				CLANG_WARN__DUPLICATE_METHOD_MATCH = YES;
				"CODE_SIGN_IDENTITY[sdk=iphoneos*]" = "iPhone Developer";
				COPY_PHASE_STRIP = YES;
				ENABLE_NS_ASSERTIONS = NO;
				GCC_C_LANGUAGE_STANDARD = gnu99;
				GCC_WARN_64_TO_32_BIT_CONVERSION = YES;
				GCC_WARN_ABOUT_RETURN_TYPE = YES_ERROR;
				GCC_WARN_UNDECLARED_SELECTOR = YES;
				GCC_WARN_UNINITIALIZED_AUTOS = YES_AGGRESSIVE;
				GCC_WARN_UNUSED_FUNCTION = YES;
				GCC_WARN_UNUSED_VARIABLE = YES;
				IPHONEOS_DEPLOYMENT_TARGET = 7.1;
				SDKROOT = iphoneos;
				VALIDATE_PRODUCT = YES;
			};
			name = Release;
		};
		63E1E87E19CD8375000E433A /* Debug */ = {
			isa = XCBuildConfiguration;
			baseConfigurationReference = 6F4199AE6960424C8B839E94 /* Pods.xcconfig */;
			buildSettings = {
				ASSETCATALOG_COMPILER_APPICON_NAME = AppIcon;
				ASSETCATALOG_COMPILER_LAUNCHIMAGE_NAME = LaunchImage;
				GCC_PRECOMPILE_PREFIX_HEADER = YES;
				GCC_PREFIX_HEADER = "MutchedUp/MutchedUp-Prefix.pch";
				INFOPLIST_FILE = "MutchedUp/MutchedUp-Info.plist";
				PRODUCT_NAME = "$(TARGET_NAME)";
				WRAPPER_EXTENSION = app;
			};
			name = Debug;
		};
		63E1E87F19CD8375000E433A /* Release */ = {
			isa = XCBuildConfiguration;
			baseConfigurationReference = 6F4199AE6960424C8B839E94 /* Pods.xcconfig */;
			buildSettings = {
				ASSETCATALOG_COMPILER_APPICON_NAME = AppIcon;
				ASSETCATALOG_COMPILER_LAUNCHIMAGE_NAME = LaunchImage;
				GCC_PRECOMPILE_PREFIX_HEADER = YES;
				GCC_PREFIX_HEADER = "MutchedUp/MutchedUp-Prefix.pch";
				INFOPLIST_FILE = "MutchedUp/MutchedUp-Info.plist";
				PRODUCT_NAME = "$(TARGET_NAME)";
				WRAPPER_EXTENSION = app;
			};
			name = Release;
		};
		63E1E88119CD8375000E433A /* Debug */ = {
			isa = XCBuildConfiguration;
			buildSettings = {
				BUNDLE_LOADER = "$(BUILT_PRODUCTS_DIR)/MutchedUp.app/MutchedUp";
				FRAMEWORK_SEARCH_PATHS = (
					"$(SDKROOT)/Developer/Library/Frameworks",
					"$(inherited)",
					"$(DEVELOPER_FRAMEWORKS_DIR)",
				);
				GCC_PRECOMPILE_PREFIX_HEADER = YES;
				GCC_PREFIX_HEADER = "MutchedUp/MutchedUp-Prefix.pch";
				GCC_PREPROCESSOR_DEFINITIONS = (
					"DEBUG=1",
					"$(inherited)",
				);
				INFOPLIST_FILE = "MutchedUpTests/MutchedUpTests-Info.plist";
				PRODUCT_NAME = "$(TARGET_NAME)";
				TEST_HOST = "$(BUNDLE_LOADER)";
				WRAPPER_EXTENSION = xctest;
			};
			name = Debug;
		};
		63E1E88219CD8375000E433A /* Release */ = {
			isa = XCBuildConfiguration;
			buildSettings = {
				BUNDLE_LOADER = "$(BUILT_PRODUCTS_DIR)/MutchedUp.app/MutchedUp";
				FRAMEWORK_SEARCH_PATHS = (
					"$(SDKROOT)/Developer/Library/Frameworks",
					"$(inherited)",
					"$(DEVELOPER_FRAMEWORKS_DIR)",
				);
				GCC_PRECOMPILE_PREFIX_HEADER = YES;
				GCC_PREFIX_HEADER = "MutchedUp/MutchedUp-Prefix.pch";
				INFOPLIST_FILE = "MutchedUpTests/MutchedUpTests-Info.plist";
				PRODUCT_NAME = "$(TARGET_NAME)";
				TEST_HOST = "$(BUNDLE_LOADER)";
				WRAPPER_EXTENSION = xctest;
			};
			name = Release;
		};
/* End XCBuildConfiguration section */

/* Begin XCConfigurationList section */
		63E1E84319CD8375000E433A /* Build configuration list for PBXProject "MutchedUp" */ = {
			isa = XCConfigurationList;
			buildConfigurations = (
				63E1E87B19CD8375000E433A /* Debug */,
				63E1E87C19CD8375000E433A /* Release */,
			);
			defaultConfigurationIsVisible = 0;
			defaultConfigurationName = Release;
		};
		63E1E87D19CD8375000E433A /* Build configuration list for PBXNativeTarget "MutchedUp" */ = {
			isa = XCConfigurationList;
			buildConfigurations = (
				63E1E87E19CD8375000E433A /* Debug */,
				63E1E87F19CD8375000E433A /* Release */,
			);
			defaultConfigurationIsVisible = 0;
			defaultConfigurationName = Release;
		};
		63E1E88019CD8375000E433A /* Build configuration list for PBXNativeTarget "MutchedUpTests" */ = {
			isa = XCConfigurationList;
			buildConfigurations = (
				63E1E88119CD8375000E433A /* Debug */,
				63E1E88219CD8375000E433A /* Release */,
			);
			defaultConfigurationIsVisible = 0;
			defaultConfigurationName = Release;
		};
/* End XCConfigurationList section */
	};
	rootObject = 63E1E84019CD8375000E433A /* Project object */;
}
